
Microsoft Visual Studio Solution File, Format Version 12.00
# Visual Studio 15
VisualStudioVersion = 15.0.27703.2000
MinimumVisualStudioVersion = 10.0.40219.1
Project("{9A19103F-16F7-4668-BE54-9A1E7A4F7556}") = "XO.Core.Console", "XO.Core.Console\XO.Core.Console.csproj", "{82AC7C58-7706-462E-982D-2E2647DAE025}"
EndProject
Global
	GlobalSection(SolutionConfigurationPlatforms) = preSolution
		Debug|Any CPU = Debug|Any CPU
		Release|Any CPU = Release|Any CPU
	EndGlobalSection
	GlobalSection(ProjectConfigurationPlatforms) = postSolution
		{82AC7C58-7706-462E-982D-2E2647DAE025}.Debug|Any CPU.ActiveCfg = Debug|Any CPU
		{82AC7C58-7706-462E-982D-2E2647DAE025}.Debug|Any CPU.Build.0 = Debug|Any CPU
		{82AC7C58-7706-462E-982D-2E2647DAE025}.Release|Any CPU.ActiveCfg = Release|Any CPU
		{82AC7C58-7706-462E-982D-2E2647DAE025}.Release|Any CPU.Build.0 = Release|Any CPU
	EndGlobalSection
	GlobalSection(SolutionProperties) = preSolution
		HideSolutionNode = FALSE
	EndGlobalSection
	GlobalSection(ExtensibilityGlobals) = postSolution
		SolutionGuid = {341B91C1-CDB1-4990-8784-F7404D1A4355}
	EndGlobalSection
EndGlobal
